
Microsoft Visual Studio Solution File, Format Version 12.00
# Visual Studio Version 17
VisualStudioVersion = 17.0.31903.59
MinimumVisualStudioVersion = 10.0.40219.1
Project("{FAE04EC0-301F-11D3-BF4B-00C04F79EFBC}") = "FinControl.API", "src\FinControl.API\FinControl.API.csproj", "{933CD992-29CC-47FF-86E1-4866AB5C1F40}"
EndProject
Project("{FAE04EC0-301F-11D3-BF4B-00C04F79EFBC}") = "FinControl.Business", "src\FinControl.Business\FinControl.Business.csproj", "{6A0540A8-BACD-4342-A855-C05D2317EFFA}"
EndProject
Project("{FAE04EC0-301F-11D3-BF4B-00C04F79EFBC}") = "FinControl.Data", "src\FinControl.Data\FinControl.Data.csproj", "{C79A867A-6AC1-4A1D-A961-BF1B8BF41220}"
EndProject
Project("{FAE04EC0-301F-11D3-BF4B-00C04F79EFBC}") = "FinControl.Shared", "src\FinControl.Shared\FinControl.Shared.csproj", "{AA8CA4E3-A588-451D-9CDF-AFBD2910CF93}"
EndProject
Global
	GlobalSection(SolutionConfigurationPlatforms) = preSolution
		Debug|Any CPU = Debug|Any CPU
		Release|Any CPU = Release|Any CPU
	EndGlobalSection
	GlobalSection(SolutionProperties) = preSolution
		HideSolutionNode = FALSE
	EndGlobalSection
	GlobalSection(ProjectConfigurationPlatforms) = postSolution
		{933CD992-29CC-47FF-86E1-4866AB5C1F40}.Debug|Any CPU.ActiveCfg = Debug|Any CPU
		{933CD992-29CC-47FF-86E1-4866AB5C1F40}.Debug|Any CPU.Build.0 = Debug|Any CPU
		{933CD992-29CC-47FF-86E1-4866AB5C1F40}.Release|Any CPU.ActiveCfg = Release|Any CPU
		{933CD992-29CC-47FF-86E1-4866AB5C1F40}.Release|Any CPU.Build.0 = Release|Any CPU
		{6A0540A8-BACD-4342-A855-C05D2317EFFA}.Debug|Any CPU.ActiveCfg = Debug|Any CPU
		{6A0540A8-BACD-4342-A855-C05D2317EFFA}.Debug|Any CPU.Build.0 = Debug|Any CPU
		{6A0540A8-BACD-4342-A855-C05D2317EFFA}.Release|Any CPU.ActiveCfg = Release|Any CPU
		{6A0540A8-BACD-4342-A855-C05D2317EFFA}.Release|Any CPU.Build.0 = Release|Any CPU
		{C79A867A-6AC1-4A1D-A961-BF1B8BF41220}.Debug|Any CPU.ActiveCfg = Debug|Any CPU
		{C79A867A-6AC1-4A1D-A961-BF1B8BF41220}.Debug|Any CPU.Build.0 = Debug|Any CPU
		{C79A867A-6AC1-4A1D-A961-BF1B8BF41220}.Release|Any CPU.ActiveCfg = Release|Any CPU
		{C79A867A-6AC1-4A1D-A961-BF1B8BF41220}.Release|Any CPU.Build.0 = Release|Any CPU
		{AA8CA4E3-A588-451D-9CDF-AFBD2910CF93}.Debug|Any CPU.ActiveCfg = Debug|Any CPU
		{AA8CA4E3-A588-451D-9CDF-AFBD2910CF93}.Debug|Any CPU.Build.0 = Debug|Any CPU
		{AA8CA4E3-A588-451D-9CDF-AFBD2910CF93}.Release|Any CPU.ActiveCfg = Release|Any CPU
		{AA8CA4E3-A588-451D-9CDF-AFBD2910CF93}.Release|Any CPU.Build.0 = Release|Any CPU
	EndGlobalSection
EndGlobal
